{
  "nodes": {
    "home-manager": {
      "inputs": {
        "nixpkgs": [
          "nixpkgs"
        ]
      },
      "locked": {
        "lastModified": 1681468923,
        "narHash": "sha256-+X2oO4juRVhQRs002mn8km6PODccIRiz09c2K1xtSpY=",
        "owner": "nix-community",
        "repo": "home-manager",
        "rev": "17198cf5ae27af5b647c7dac58d935a7d0dbd189",
        "type": "github"
      },
      "original": {
        "owner": "nix-community",
        "repo": "home-manager",
        "type": "github"
      }
    },
    "nixos-hardware": {
      "locked": {
        "lastModified": 1680876084,
        "narHash": "sha256-eP9yxP0wc7XuVaODugh+ajgbFGaile2O1ihxiLxOuvU=",
        "owner": "NixOS",
        "repo": "nixos-hardware",
        "rev": "3006d2860a6ed5e01b0c3e7ffb730e9b293116e2",
        "type": "github"
      },
      "original": {
        "owner": "NixOS",
        "repo": "nixos-hardware",
        "type": "github"
      }
    },
    "nixpkgs": {
      "locked": {
        "lastModified": 1681349002,
        "narHash": "sha256-9Ckc2WvSwuYrPfk3ZXgPasM1ir/cgs6UV0EpIWyPGZE=",
        "owner": "nixos",
        "repo": "nixpkgs",
        "rev": "2b1bba76a13ed39c7abc0a6e8f74f9e168cf3c7c",
        "type": "github"
      },
      "original": {
        "owner": "nixos",
        "ref": "nixos-22.11",
        "repo": "nixpkgs",
        "type": "github"
      }
    },
    "private": {
      "inputs": {
        "nixpkgs": [
          "nixpkgs"
        ]
      },
      "locked": {
        "lastModified": 1681527272,
        "narHash": "sha256-Fogk/ehWY2n3BV/9eyBtEpLez/vYv9UkWQ9upU+zwqg=",
        "ref": "refs/heads/main",
        "rev": "ca7e0da1437c8737cb16cc4ad7364c04949e54e1",
        "revCount": 3,
        "type": "git",
        "url": "https://github.com/hasundue/nixos-config-private.git"
      },
      "original": {
        "type": "git",
        "url": "https://github.com/hasundue/nixos-config-private.git"
      }
    },
    "root": {
      "inputs": {
        "home-manager": "home-manager",
        "nixos-hardware": "nixos-hardware",
        "nixpkgs": "nixpkgs",
        "private": "private"
      }
    }
  },
  "root": "root",
  "version": 7
}
