{
  "nodes": {
    "base16": {
      "inputs": {
        "fromYaml": "fromYaml"
      },
      "locked": {
        "lastModified": 1689633990,
        "narHash": "sha256-iwvQg2Vx0IIDWZaKo8Xmzxlv1YPHg+Kp/QSv8dRv0RY=",
        "owner": "SenchoPens",
        "repo": "base16.nix",
        "rev": "dddf2e1c04845d43c89a8e9e37d574519649a404",
        "type": "github"
      },
      "original": {
        "owner": "SenchoPens",
        "repo": "base16.nix",
        "type": "github"
      }
    },
    "base16-alacritty": {
      "flake": false,
      "locked": {
        "lastModified": 1703982197,
        "narHash": "sha256-TNxKbwdiUXGi4Z4chT72l3mt3GSvOcz6NZsUH8bQU/k=",
        "owner": "aarowill",
        "repo": "base16-alacritty",
        "rev": "c95c200b3af739708455a03b5d185d3d2d263c6e",
        "type": "github"
      },
      "original": {
        "owner": "aarowill",
        "repo": "base16-alacritty",
        "type": "github"
      }
    },
    "base16-alacritty-yaml": {
      "flake": false,
      "locked": {
        "lastModified": 1674275109,
        "narHash": "sha256-Adwx9yP70I6mJrjjODOgZJjt4OPPe8gJu7UuBboXO4M=",
        "owner": "aarowill",
        "repo": "base16-alacritty",
        "rev": "63d8ae5dfefe5db825dd4c699d0cdc2fc2c3eaf7",
        "type": "github"
      },
      "original": {
        "owner": "aarowill",
        "repo": "base16-alacritty",
        "rev": "63d8ae5dfefe5db825dd4c699d0cdc2fc2c3eaf7",
        "type": "github"
      }
    },
    "base16-fish": {
      "flake": false,
      "locked": {
        "lastModified": 1622559957,
        "narHash": "sha256-PebymhVYbL8trDVVXxCvZgc0S5VxI7I1Hv4RMSquTpA=",
        "owner": "tomyun",
        "repo": "base16-fish",
        "rev": "2f6dd973a9075dabccd26f1cded09508180bf5fe",
        "type": "github"
      },
      "original": {
        "owner": "tomyun",
        "repo": "base16-fish",
        "type": "github"
      }
    },
    "base16-foot": {
      "flake": false,
      "locked": {
        "lastModified": 1696725948,
        "narHash": "sha256-65bz2bUL/yzZ1c8/GQASnoiGwaF8DczlxJtzik1c0AU=",
        "owner": "tinted-theming",
        "repo": "base16-foot",
        "rev": "eedbcfa30de0a4baa03e99f5e3ceb5535c2755ce",
        "type": "github"
      },
      "original": {
        "owner": "tinted-theming",
        "repo": "base16-foot",
        "type": "github"
      }
    },
    "base16-helix": {
      "flake": false,
      "locked": {
        "lastModified": 1696727917,
        "narHash": "sha256-FVrbPk+NtMra0jtlC5oxyNchbm8FosmvXIatkRbYy1g=",
        "owner": "tinted-theming",
        "repo": "base16-helix",
        "rev": "dbe1480d99fe80f08df7970e471fac24c05f2ddb",
        "type": "github"
      },
      "original": {
        "owner": "tinted-theming",
        "repo": "base16-helix",
        "type": "github"
      }
    },
    "base16-kitty": {
      "flake": false,
      "locked": {
        "lastModified": 1665001328,
        "narHash": "sha256-aRaizTYPpuWEcvoYE9U+YRX+Wsc8+iG0guQJbvxEdJY=",
        "owner": "kdrag0n",
        "repo": "base16-kitty",
        "rev": "06bb401fa9a0ffb84365905ffbb959ae5bf40805",
        "type": "github"
      },
      "original": {
        "owner": "kdrag0n",
        "repo": "base16-kitty",
        "type": "github"
      }
    },
    "base16-schemes": {
      "flake": false,
      "locked": {
        "lastModified": 1702718998,
        "narHash": "sha256-VTczZi1C4WSzejpTFbneMonAdarRLtDnFehVxWs6ad0=",
        "owner": "tinted-theming",
        "repo": "base16-schemes",
        "rev": "2b6f2d0677216ddda50c9cabd6ee70fae4665f81",
        "type": "github"
      },
      "original": {
        "owner": "tinted-theming",
        "repo": "base16-schemes",
        "type": "github"
      }
    },
    "base16-tmux": {
      "flake": false,
      "locked": {
        "lastModified": 1696725902,
        "narHash": "sha256-wDPg5elZPcQpu7Df0lI5O8Jv4A3T6jUQIVg63KDU+3Q=",
        "owner": "tinted-theming",
        "repo": "base16-tmux",
        "rev": "c02050bebb60dbb20cb433cd4d8ce668ecc11ba7",
        "type": "github"
      },
      "original": {
        "owner": "tinted-theming",
        "repo": "base16-tmux",
        "type": "github"
      }
    },
    "base16-vim": {
      "flake": false,
      "locked": {
        "lastModified": 1663659192,
        "narHash": "sha256-uJvaYYDMXvoo0fhBZUhN8WBXeJ87SRgof6GEK2efFT0=",
        "owner": "chriskempson",
        "repo": "base16-vim",
        "rev": "3be3cd82cd31acfcab9a41bad853d9c68d30478d",
        "type": "github"
      },
      "original": {
        "owner": "chriskempson",
        "repo": "base16-vim",
        "type": "github"
      }
    },
    "devshell": {
      "inputs": {
        "flake-utils": "flake-utils",
        "nixpkgs": [
          "nixpkgs"
        ]
      },
      "locked": {
        "lastModified": 1705332421,
        "narHash": "sha256-USpGLPme1IuqG78JNqSaRabilwkCyHmVWY0M9vYyqEA=",
        "owner": "numtide",
        "repo": "devshell",
        "rev": "83cb93d6d063ad290beee669f4badf9914cc16ec",
        "type": "github"
      },
      "original": {
        "owner": "numtide",
        "repo": "devshell",
        "type": "github"
      }
    },
    "flake-compat": {
      "flake": false,
      "locked": {
        "lastModified": 1696426674,
        "narHash": "sha256-kvjfFW7WAETZlt09AgDn1MrtKzP7t90Vf7vypd3OL1U=",
        "owner": "edolstra",
        "repo": "flake-compat",
        "rev": "0f9255e01c2351cc7d116c072cb317785dd33b33",
        "type": "github"
      },
      "original": {
        "owner": "edolstra",
        "repo": "flake-compat",
        "type": "github"
      }
    },
    "flake-compat_2": {
      "flake": false,
      "locked": {
        "lastModified": 1696426674,
        "narHash": "sha256-kvjfFW7WAETZlt09AgDn1MrtKzP7t90Vf7vypd3OL1U=",
        "owner": "edolstra",
        "repo": "flake-compat",
        "rev": "0f9255e01c2351cc7d116c072cb317785dd33b33",
        "type": "github"
      },
      "original": {
        "owner": "edolstra",
        "repo": "flake-compat",
        "type": "github"
      }
    },
    "flake-compat_3": {
      "flake": false,
      "locked": {
        "lastModified": 1673956053,
        "narHash": "sha256-4gtG9iQuiKITOjNQQeQIpoIB6b16fm+504Ch3sNKLd8=",
        "owner": "edolstra",
        "repo": "flake-compat",
        "rev": "35bb57c0c8d8b62bbfd284272c928ceb64ddbde9",
        "type": "github"
      },
      "original": {
        "owner": "edolstra",
        "repo": "flake-compat",
        "type": "github"
      }
    },
    "flake-parts": {
      "inputs": {
        "nixpkgs-lib": [
          "hasundue-neovim",
          "neovim-nightly",
          "nixpkgs"
        ]
      },
      "locked": {
        "lastModified": 1701473968,
        "narHash": "sha256-YcVE5emp1qQ8ieHUnxt1wCZCC3ZfAS+SRRWZ2TMda7E=",
        "owner": "hercules-ci",
        "repo": "flake-parts",
        "rev": "34fed993f1674c8d06d58b37ce1e0fe5eebcb9f5",
        "type": "github"
      },
      "original": {
        "owner": "hercules-ci",
        "repo": "flake-parts",
        "type": "github"
      }
    },
    "flake-parts_2": {
      "inputs": {
        "nixpkgs-lib": [
          "hasundue-neovim",
          "neovim-nightly",
          "hercules-ci-effects",
          "nixpkgs"
        ]
      },
      "locked": {
        "lastModified": 1696343447,
        "narHash": "sha256-B2xAZKLkkeRFG5XcHHSXXcP7To9Xzr59KXeZiRf4vdQ=",
        "owner": "hercules-ci",
        "repo": "flake-parts",
        "rev": "c9afaba3dfa4085dbd2ccb38dfade5141e33d9d4",
        "type": "github"
      },
      "original": {
        "id": "flake-parts",
        "type": "indirect"
      }
    },
    "flake-parts_3": {
      "inputs": {
        "nixpkgs-lib": [
          "neovim-nightly",
          "nixpkgs"
        ]
      },
      "locked": {
        "lastModified": 1704982712,
        "narHash": "sha256-2Ptt+9h8dczgle2Oo6z5ni5rt/uLMG47UFTR1ry/wgg=",
        "owner": "hercules-ci",
        "repo": "flake-parts",
        "rev": "07f6395285469419cf9d078f59b5b49993198c00",
        "type": "github"
      },
      "original": {
        "owner": "hercules-ci",
        "repo": "flake-parts",
        "type": "github"
      }
    },
    "flake-parts_4": {
      "inputs": {
        "nixpkgs-lib": [
          "neovim-nightly",
          "hercules-ci-effects",
          "nixpkgs"
        ]
      },
      "locked": {
        "lastModified": 1701473968,
        "narHash": "sha256-YcVE5emp1qQ8ieHUnxt1wCZCC3ZfAS+SRRWZ2TMda7E=",
        "owner": "hercules-ci",
        "repo": "flake-parts",
        "rev": "34fed993f1674c8d06d58b37ce1e0fe5eebcb9f5",
        "type": "github"
      },
      "original": {
        "id": "flake-parts",
        "type": "indirect"
      }
    },
    "flake-utils": {
      "inputs": {
        "systems": "systems"
      },
      "locked": {
        "lastModified": 1701680307,
        "narHash": "sha256-kAuep2h5ajznlPMD9rnQyffWG8EM/C73lejGofXvdM8=",
        "owner": "numtide",
        "repo": "flake-utils",
        "rev": "4022d587cbbfd70fe950c1e2083a02621806a725",
        "type": "github"
      },
      "original": {
        "owner": "numtide",
        "repo": "flake-utils",
        "type": "github"
      }
    },
    "flake-utils_2": {
      "inputs": {
        "systems": "systems_2"
      },
      "locked": {
        "lastModified": 1705309234,
        "narHash": "sha256-uNRRNRKmJyCRC/8y1RqBkqWBLM034y4qN7EprSdmgyA=",
        "owner": "numtide",
        "repo": "flake-utils",
        "rev": "1ef2e671c3b0c19053962c07dbda38332dcebf26",
        "type": "github"
      },
      "original": {
        "owner": "numtide",
        "repo": "flake-utils",
        "type": "github"
      }
    },
    "flake-utils_3": {
      "inputs": {
        "systems": "systems_3"
      },
      "locked": {
        "lastModified": 1701680307,
        "narHash": "sha256-kAuep2h5ajznlPMD9rnQyffWG8EM/C73lejGofXvdM8=",
        "owner": "numtide",
        "repo": "flake-utils",
        "rev": "4022d587cbbfd70fe950c1e2083a02621806a725",
        "type": "github"
      },
      "original": {
        "owner": "numtide",
        "repo": "flake-utils",
        "type": "github"
      }
    },
    "flake-utils_4": {
      "inputs": {
        "systems": "systems_4"
      },
      "locked": {
        "lastModified": 1694529238,
        "narHash": "sha256-zsNZZGTGnMOf9YpHKJqMSsa0dXbfmxeoJ7xHlrt+xmY=",
        "owner": "numtide",
        "repo": "flake-utils",
        "rev": "ff7b65b44d01cf9ba6a71320833626af21126384",
        "type": "github"
      },
      "original": {
        "owner": "numtide",
        "repo": "flake-utils",
        "type": "github"
      }
    },
    "flake-utils_5": {
      "inputs": {
        "systems": "systems_5"
      },
      "locked": {
        "lastModified": 1701680307,
        "narHash": "sha256-kAuep2h5ajznlPMD9rnQyffWG8EM/C73lejGofXvdM8=",
        "owner": "numtide",
        "repo": "flake-utils",
        "rev": "4022d587cbbfd70fe950c1e2083a02621806a725",
        "type": "github"
      },
      "original": {
        "owner": "numtide",
        "repo": "flake-utils",
        "type": "github"
      }
    },
    "fromYaml": {
      "flake": false,
      "locked": {
        "lastModified": 1689549921,
        "narHash": "sha256-iX0pk/uB019TdBGlaJEWvBCfydT6sRq+eDcGPifVsCM=",
        "owner": "SenchoPens",
        "repo": "fromYaml",
        "rev": "11fbbbfb32e3289d3c631e0134a23854e7865c84",
        "type": "github"
      },
      "original": {
        "owner": "SenchoPens",
        "repo": "fromYaml",
        "type": "github"
      }
    },
    "gnome-shell": {
      "flake": false,
      "locked": {
        "lastModified": 1698794309,
        "narHash": "sha256-/TIkZ8y5Wv3QHLFp79Poao9fINurKs5pa4z0CRe+F8s=",
        "owner": "GNOME",
        "repo": "gnome-shell",
        "rev": "a7c169c6c29cf02a4c392fa0acbbc5f5072823e7",
        "type": "github"
      },
      "original": {
        "owner": "GNOME",
        "ref": "45.1",
        "repo": "gnome-shell",
        "type": "github"
      }
    },
    "hasundue-neovim": {
      "inputs": {
        "flake-utils": "flake-utils_3",
        "neovim-nightly": "neovim-nightly",
        "nixpkgs": "nixpkgs",
        "plugins/copilot.vim": "plugins/copilot.vim",
        "plugins/ddc-cmdline": "plugins/ddc-cmdline",
        "plugins/ddc-cmdline-history": "plugins/ddc-cmdline-history",
        "plugins/ddc-file": "plugins/ddc-file",
        "plugins/ddc-fuzzy": "plugins/ddc-fuzzy",
        "plugins/ddc-source-lsp": "plugins/ddc-source-lsp",
        "plugins/ddc-ui-pum": "plugins/ddc-ui-pum",
        "plugins/ddc.vim": "plugins/ddc.vim",
        "plugins/ddu-commands.vim": "plugins/ddu-commands.vim",
        "plugins/ddu-filter-zf": "plugins/ddu-filter-zf",
        "plugins/ddu-kind-file": "plugins/ddu-kind-file",
        "plugins/ddu-source-buffer": "plugins/ddu-source-buffer",
        "plugins/ddu-source-file_external": "plugins/ddu-source-file_external",
        "plugins/ddu-source-help": "plugins/ddu-source-help",
        "plugins/ddu-source-lsp": "plugins/ddu-source-lsp",
        "plugins/ddu-source-mr": "plugins/ddu-source-mr",
        "plugins/ddu-source-rg": "plugins/ddu-source-rg",
        "plugins/ddu-ui-ff": "plugins/ddu-ui-ff",
        "plugins/ddu.vim": "plugins/ddu.vim",
        "plugins/denops.vim": "plugins/denops.vim",
        "plugins/dpp-ext-lazy": "plugins/dpp-ext-lazy",
        "plugins/dpp.vim": "plugins/dpp.vim",
        "plugins/gitsigns.nvim": "plugins/gitsigns.nvim",
        "plugins/kanagawa.nvim": "plugins/kanagawa.nvim",
        "plugins/lsp_signature.nvim": "plugins/lsp_signature.nvim",
        "plugins/markdown-preview.nvim": "plugins/markdown-preview.nvim",
        "plugins/mr.vim": "plugins/mr.vim",
        "plugins/nvim-lspconfig": "plugins/nvim-lspconfig",
        "plugins/nvim-treesitter": "plugins/nvim-treesitter",
        "plugins/pum.vim": "plugins/pum.vim",
        "plugins/vim-floaterm": "plugins/vim-floaterm",
        "plugins/vim-sandwich": "plugins/vim-sandwich"
      },
      "locked": {
        "dir": "nix",
        "lastModified": 1702359759,
        "narHash": "sha256-0uDeDRbk3AxeVg6UlPhZJZsnDGUc/A92y6/bqObPLRE=",
        "ref": "main",
        "rev": "f8c31719080c8e45e9f486f97d7ad3dbd1aadce3",
        "revCount": 32,
        "type": "git",
        "url": "file:./users/hasundue/core/neovim?dir=nix"
      },
      "original": {
        "dir": "nix",
        "ref": "main",
        "type": "git",
        "url": "file:./users/hasundue/core/neovim?dir=nix"
      }
    },
    "hercules-ci-effects": {
      "inputs": {
        "flake-parts": "flake-parts_2",
        "nixpkgs": [
          "hasundue-neovim",
          "neovim-nightly",
          "nixpkgs"
        ]
      },
      "locked": {
        "lastModified": 1701009247,
        "narHash": "sha256-GuX16rzRze2y7CsewJLTV6qXkXWyEwp6VCZXi8HLruU=",
        "owner": "hercules-ci",
        "repo": "hercules-ci-effects",
        "rev": "31b6cd7569191bfcd0a548575b0e2ef953ed7d09",
        "type": "github"
      },
      "original": {
        "owner": "hercules-ci",
        "repo": "hercules-ci-effects",
        "type": "github"
      }
    },
    "hercules-ci-effects_2": {
      "inputs": {
        "flake-parts": "flake-parts_4",
        "nixpkgs": [
          "neovim-nightly",
          "nixpkgs"
        ]
      },
      "locked": {
        "lastModified": 1704029560,
        "narHash": "sha256-a4Iu7x1OP+uSYpqadOu8VCPY+MPF3+f6KIi+MAxlgyw=",
        "owner": "hercules-ci",
        "repo": "hercules-ci-effects",
        "rev": "d5cbf433a6ae9cae05400189a8dbc6412a03ba16",
        "type": "github"
      },
      "original": {
        "owner": "hercules-ci",
        "repo": "hercules-ci-effects",
        "type": "github"
      }
    },
    "home-manager": {
      "inputs": {
        "nixpkgs": [
          "nixpkgs"
        ]
      },
      "locked": {
        "lastModified": 1707175763,
        "narHash": "sha256-0MKHC6tQ4KEuM5rui6DjKZ/VNiSANB4E+DJ/+wPS1PU=",
        "owner": "nix-community",
        "repo": "home-manager",
        "rev": "f99eace7c167b8a6a0871849493b1c613d0f1b80",
        "type": "github"
      },
      "original": {
        "owner": "nix-community",
        "repo": "home-manager",
        "type": "github"
      }
    },
    "neovim-flake": {
      "inputs": {
        "flake-utils": "flake-utils_4",
        "nixpkgs": [
          "hasundue-neovim",
          "neovim-nightly",
          "nixpkgs"
        ]
      },
      "locked": {
        "dir": "contrib",
        "lastModified": 1702323053,
        "narHash": "sha256-d2ZF9nXKbgqoPSKRBulNM8D0PHAIlKf8Pu+WywGwurE=",
        "owner": "neovim",
        "repo": "neovim",
        "rev": "8097b4a7252ec37dbf14bcc1b7c50c12343e54c4",
        "type": "github"
      },
      "original": {
        "dir": "contrib",
        "owner": "neovim",
        "repo": "neovim",
        "type": "github"
      }
    },
    "neovim-flake_2": {
      "inputs": {
        "flake-utils": "flake-utils_5",
        "nixpkgs": [
          "neovim-nightly",
          "nixpkgs"
        ]
      },
      "locked": {
        "dir": "contrib",
        "lastModified": 1706140641,
        "narHash": "sha256-H1qHhkf7sF7yrG2rb9Ks1Y4EtLY3cXGp16KCGveJWY4=",
        "owner": "neovim",
        "repo": "neovim",
        "rev": "4e59422e1d4950a3042bad41a7b81c8db4f8b648",
        "type": "github"
      },
      "original": {
        "dir": "contrib",
        "owner": "neovim",
        "repo": "neovim",
        "type": "github"
      }
    },
    "neovim-nightly": {
      "inputs": {
        "flake-compat": "flake-compat",
        "flake-parts": "flake-parts",
        "hercules-ci-effects": "hercules-ci-effects",
        "neovim-flake": "neovim-flake",
        "nixpkgs": [
          "hasundue-neovim",
          "nixpkgs"
        ]
      },
      "locked": {
        "lastModified": 1702339467,
        "narHash": "sha256-XRa5gCKoUz2XlNlrxCG163BMAsrnbh833s/ndCF/WMo=",
        "owner": "nix-community",
        "repo": "neovim-nightly-overlay",
        "rev": "9a5be2169fb02ab226f6f4d3a0d867e1e1f4387e",
        "type": "github"
      },
      "original": {
        "owner": "nix-community",
        "repo": "neovim-nightly-overlay",
        "type": "github"
      }
    },
    "neovim-nightly_2": {
      "inputs": {
        "flake-compat": "flake-compat_2",
        "flake-parts": "flake-parts_3",
        "hercules-ci-effects": "hercules-ci-effects_2",
        "neovim-flake": "neovim-flake_2",
        "nixpkgs": [
          "nixpkgs"
        ]
      },
      "locked": {
        "lastModified": 1706141075,
        "narHash": "sha256-o66/XFTXmcJSpEcO508V5r765HtgT8qtr+H4LRIB9BY=",
        "owner": "nix-community",
        "repo": "neovim-nightly-overlay",
        "rev": "1da2e054a16309d7d7f7669438c8b9a5ef1b4642",
        "type": "github"
      },
      "original": {
        "owner": "nix-community",
        "repo": "neovim-nightly-overlay",
        "type": "github"
      }
    },
    "nixos-hardware": {
      "locked": {
        "lastModified": 1707211557,
        "narHash": "sha256-LTKTzZ6fM5j8XWXf51IMBzDaOaJg9kYWLUZxoIhzRN8=",
        "owner": "nixos",
        "repo": "nixos-hardware",
        "rev": "6e5cc385fc8cf5ca6495d70243074ccdea9f64c7",
        "type": "github"
      },
      "original": {
        "owner": "nixos",
        "repo": "nixos-hardware",
        "type": "github"
      }
    },
    "nixpkgs": {
      "locked": {
        "lastModified": 1702151865,
        "narHash": "sha256-9VAt19t6yQa7pHZLDbil/QctAgVsA66DLnzdRGqDisg=",
        "owner": "nixos",
        "repo": "nixpkgs",
        "rev": "666fc80e7b2afb570462423cb0e1cf1a3a34fedd",
        "type": "github"
      },
      "original": {
        "owner": "nixos",
        "ref": "nixos-unstable",
        "repo": "nixpkgs",
        "type": "github"
      }
    },
    "nixpkgs_2": {
      "locked": {
        "lastModified": 1707268954,
        "narHash": "sha256-2en1kvde3cJVc3ZnTy8QeD2oKcseLFjYPLKhIGDanQ0=",
        "owner": "nixos",
        "repo": "nixpkgs",
        "rev": "f8e2ebd66d097614d51a56a755450d4ae1632df1",
        "type": "github"
      },
      "original": {
        "owner": "nixos",
        "ref": "nixos-unstable",
        "repo": "nixpkgs",
        "type": "github"
      }
    },
    "plugins/copilot.vim": {
      "flake": false,
      "locked": {
        "lastModified": 1707350466,
        "narHash": "sha256-v75an8CiziXL3Djllpd+EFFWKnGHGIwjKEEsHuTCBgc=",
        "owner": "github",
        "repo": "copilot.vim",
        "rev": "315c6d2b16e018cb8020f20aaa7081ebc4070828",
        "type": "github"
      },
      "original": {
        "owner": "github",
        "repo": "copilot.vim",
        "type": "github"
      }
    },
    "plugins/ddc-cmdline": {
      "flake": false,
      "locked": {
        "lastModified": 1696412567,
        "narHash": "sha256-85vBmnJiexY2qWVSMFkr5Nhj67Xexi19CA3zW3WoBGM=",
        "owner": "Shougo",
        "repo": "ddc-cmdline",
        "rev": "95f73c7c97d15378e0ef8dd0a63b6af19c71bdaf",
        "type": "github"
      },
      "original": {
        "owner": "Shougo",
        "repo": "ddc-cmdline",
        "type": "github"
      }
    },
    "plugins/ddc-cmdline-history": {
      "flake": false,
      "locked": {
        "lastModified": 1691126093,
        "narHash": "sha256-tHzkZtcqK8IFGx4W7nYGxWO005kn3xZGre7DCV55BzU=",
        "owner": "Shougo",
        "repo": "ddc-cmdline-history",
        "rev": "8c5533bc5f5340a3c027672f75ba156c5ed2476e",
        "type": "github"
      },
      "original": {
        "owner": "Shougo",
        "repo": "ddc-cmdline-history",
        "type": "github"
      }
    },
    "plugins/ddc-file": {
      "flake": false,
      "locked": {
        "lastModified": 1699600569,
        "narHash": "sha256-8OM2MWhh0IzKx05qDHni+Kuvmgd4eOqIB1tN9WbF2ks=",
        "owner": "LumaKernel",
        "repo": "ddc-file",
        "rev": "72335138349133361e38fe7a0d320a3ff1788839",
        "type": "github"
      },
      "original": {
        "owner": "LumaKernel",
        "repo": "ddc-file",
        "type": "github"
      }
    },
    "plugins/ddc-fuzzy": {
      "flake": false,
      "locked": {
        "lastModified": 1688560961,
        "narHash": "sha256-teHYu9S/9dOJVxJMTUiDhvPwJt3WVESIvmoJHnt0f0o=",
        "owner": "tani",
        "repo": "ddc-fuzzy",
        "rev": "ee205bba8011a941380412a34e47ca67bb5fa41f",
        "type": "github"
      },
      "original": {
        "owner": "tani",
        "repo": "ddc-fuzzy",
        "type": "github"
      }
    },
    "plugins/ddc-source-lsp": {
      "flake": false,
      "locked": {
        "lastModified": 1705313335,
        "narHash": "sha256-4/f5wn4MlnMGn3fT6ECtHCuE/RRJaHyYKpXIcjC7+ak=",
        "owner": "Shougo",
        "repo": "ddc-source-lsp",
        "rev": "ad43a10726ebdacea80fafee5034247816fb099d",
        "type": "github"
      },
      "original": {
        "owner": "Shougo",
        "repo": "ddc-source-lsp",
        "type": "github"
      }
    },
    "plugins/ddc-ui-pum": {
      "flake": false,
      "locked": {
        "lastModified": 1696653740,
        "narHash": "sha256-J/do0P45FV+Nus6FpgH2xYtby6ZGtdnpLwqKY6I4xfs=",
        "owner": "Shougo",
        "repo": "ddc-ui-pum",
        "rev": "6fd98ba227889883bbf75405506c451feaae6ef8",
        "type": "github"
      },
      "original": {
        "owner": "Shougo",
        "repo": "ddc-ui-pum",
        "type": "github"
      }
    },
    "plugins/ddc.vim": {
      "flake": false,
      "locked": {
        "lastModified": 1707451832,
        "narHash": "sha256-UJZeDCV+NxMGAEwq4/8TS48Mr+DnS1GRrSK8A9xaA0c=",
        "owner": "Shougo",
        "repo": "ddc.vim",
        "rev": "e5daae126a42e6c736af9743fbb69263d117f328",
        "type": "github"
      },
      "original": {
        "owner": "Shougo",
        "repo": "ddc.vim",
        "type": "github"
      }
    },
    "plugins/ddu-commands.vim": {
      "flake": false,
      "locked": {
        "lastModified": 1703206274,
        "narHash": "sha256-Ou8un5TJ6R1ZG1GLvUD6FH1zTlirrBoainqyWg2ArD0=",
        "owner": "Shougo",
        "repo": "ddu-commands.vim",
        "rev": "1564296c51de28d3cf6a93bec221267e441686e2",
        "type": "github"
      },
      "original": {
        "owner": "Shougo",
        "repo": "ddu-commands.vim",
        "type": "github"
      }
    },
    "plugins/ddu-filter-zf": {
      "flake": false,
      "locked": {
        "lastModified": 1707220769,
        "narHash": "sha256-9gCofVljKwRReZ+tZo9m9k3vZV7iEQQmorerO6PF1fw=",
        "owner": "hasundue",
        "repo": "ddu-filter-zf",
        "rev": "eaf27fd9ada0026eab080150731560da2c53f7e2",
        "type": "github"
      },
      "original": {
        "owner": "hasundue",
        "repo": "ddu-filter-zf",
        "type": "github"
      }
    },
    "plugins/ddu-kind-file": {
      "flake": false,
      "locked": {
        "lastModified": 1707451290,
        "narHash": "sha256-WjXRwKPRX8mIGjEkaYQi2Qkvhhv6ovMZ+79RfQHwSRE=",
        "owner": "Shougo",
        "repo": "ddu-kind-file",
        "rev": "b3bd528c7a9e9d451b96c02b97b06d0fe36101ae",
        "type": "github"
      },
      "original": {
        "owner": "Shougo",
        "repo": "ddu-kind-file",
        "type": "github"
      }
    },
    "plugins/ddu-source-buffer": {
      "flake": false,
      "locked": {
        "lastModified": 1702443033,
        "narHash": "sha256-iM36/RIrS1GuKtIznbQGb6nyUts2RGw/SY0k63v3b8s=",
        "owner": "shun",
        "repo": "ddu-source-buffer",
        "rev": "e28610ff6b388aa3dd2706678372f976903e3d74",
        "type": "github"
      },
      "original": {
        "owner": "shun",
        "repo": "ddu-source-buffer",
        "type": "github"
      }
    },
    "plugins/ddu-source-file_external": {
      "flake": false,
      "locked": {
        "lastModified": 1687759397,
        "narHash": "sha256-YznDoiBLE+w6lP7M3jQg+EX0bGT4wwdVTPvolzhn240=",
        "owner": "matsui54",
        "repo": "ddu-source-file_external",
        "rev": "54fb945d0b4d25f8d36582a07893de6ffa0112d5",
        "type": "github"
      },
      "original": {
        "owner": "matsui54",
        "repo": "ddu-source-file_external",
        "type": "github"
      }
    },
    "plugins/ddu-source-help": {
      "flake": false,
      "locked": {
        "lastModified": 1700294180,
        "narHash": "sha256-aUMZ30dib5irpK6sY5MX+3vnXGSSbU2iHFLvPlktkEo=",
        "owner": "matsui54",
        "repo": "ddu-source-help",
        "rev": "b25d3b89b5e70c7d6b1bbc29d8db66fcbe2b00e4",
        "type": "github"
      },
      "original": {
        "owner": "matsui54",
        "repo": "ddu-source-help",
        "type": "github"
      }
    },
    "plugins/ddu-source-lsp": {
      "flake": false,
      "locked": {
        "lastModified": 1707092757,
        "narHash": "sha256-sTcdzdOG4u19IacwRQKPYa+zoo5w2CPEEfEG0DSlVXw=",
        "owner": "uga-rosa",
        "repo": "ddu-source-lsp",
        "rev": "fa5bc28d774e8356ef49013250df14ae65893d33",
        "type": "github"
      },
      "original": {
        "owner": "uga-rosa",
        "repo": "ddu-source-lsp",
        "type": "github"
      }
    },
    "plugins/ddu-source-mr": {
      "flake": false,
      "locked": {
        "lastModified": 1693634640,
        "narHash": "sha256-QxoXIhLnojm/WDJYrarQjncw6vUJb6pmLv9BO6XR/Ig=",
        "owner": "kuuote",
        "repo": "ddu-source-mr",
        "rev": "751cd0967466f2c1b3488be6905beebd42793034",
        "type": "github"
      },
      "original": {
        "owner": "kuuote",
        "repo": "ddu-source-mr",
        "type": "github"
      }
    },
    "plugins/ddu-source-rg": {
      "flake": false,
      "locked": {
        "lastModified": 1701833783,
        "narHash": "sha256-Nf19jlDBq+spIPVSvxh1ja7RYduAmegC28SvwfZApFg=",
        "owner": "shun",
        "repo": "ddu-source-rg",
        "rev": "1d612f060cf096b4ee3770136028486091790014",
        "type": "github"
      },
      "original": {
        "owner": "shun",
        "repo": "ddu-source-rg",
        "type": "github"
      }
    },
    "plugins/ddu-ui-ff": {
      "flake": false,
      "locked": {
        "lastModified": 1706699652,
        "narHash": "sha256-wmcapM3iSm73nBrCi0vHbyZZTZTz4JpYHYg9N9sln6Y=",
        "owner": "Shougo",
        "repo": "ddu-ui-ff",
        "rev": "d07c348519425b3c3ed7d852cb5b8664f3e981ec",
        "type": "github"
      },
      "original": {
        "owner": "Shougo",
        "repo": "ddu-ui-ff",
        "type": "github"
      }
    },
    "plugins/ddu.vim": {
      "flake": false,
      "locked": {
        "lastModified": 1707451552,
        "narHash": "sha256-xE9oDaCK5iG8sccCBkcCAXHq5n4tvnfzcXrOrjOreI0=",
        "owner": "Shougo",
        "repo": "ddu.vim",
        "rev": "955949d632f6084522445e241b0ce41af2453af1",
        "type": "github"
      },
      "original": {
        "owner": "Shougo",
        "repo": "ddu.vim",
        "type": "github"
      }
    },
    "plugins/denops.vim": {
      "flake": false,
      "locked": {
        "lastModified": 1707216396,
        "narHash": "sha256-lAJxkUGsHrAqS9MU9kRtC1mXkgqJB31dYT5Xn64PlgY=",
        "owner": "vim-denops",
        "repo": "denops.vim",
        "rev": "ebda886f724fa2eb8aaa51d569903d5c359f0887",
        "type": "github"
      },
      "original": {
        "owner": "vim-denops",
        "repo": "denops.vim",
        "type": "github"
      }
    },
    "plugins/dpp-ext-lazy": {
      "flake": false,
      "locked": {
        "lastModified": 1704278562,
        "narHash": "sha256-fewHLAxUyzURAZA58y9Q5hmbwRw2tS6LQsfl/Xil7rs=",
        "owner": "Shougo",
        "repo": "dpp-ext-lazy",
        "rev": "8a56d3117d7031ee050b056b16cfa6e91f2f160d",
        "type": "github"
      },
      "original": {
        "owner": "Shougo",
        "repo": "dpp-ext-lazy",
        "type": "github"
      }
    },
    "plugins/dpp.vim": {
      "flake": false,
      "locked": {
        "lastModified": 1707451753,
        "narHash": "sha256-v1/PeLdPJ90o3cGeJ0Gm6xw+0gtSW6F01ZA0JbQzfl0=",
        "owner": "Shougo",
        "repo": "dpp.vim",
        "rev": "6a235e1def55919fd1c738b5171cd11cad11deba",
        "type": "github"
      },
      "original": {
        "owner": "Shougo",
        "repo": "dpp.vim",
        "type": "github"
      }
    },
    "plugins/gitsigns.nvim": {
      "flake": false,
      "locked": {
        "lastModified": 1706372432,
        "narHash": "sha256-SLDaqzbvBTTuJEP9H2WOADuxsguMntR+upsGPW8aOEk=",
        "owner": "lewis6991",
        "repo": "gitsigns.nvim",
        "rev": "2c2463dbd82eddd7dbab881c3a62cfbfbe3c67ae",
        "type": "github"
      },
      "original": {
        "owner": "lewis6991",
        "repo": "gitsigns.nvim",
        "type": "github"
      }
    },
    "plugins/kanagawa.nvim": {
      "flake": false,
      "locked": {
        "lastModified": 1696244569,
        "narHash": "sha256-pbLcomZHzC2JGKF4oII6AAm5q/dzQtNfFAZVNX74nB8=",
        "owner": "rebelot",
        "repo": "kanagawa.nvim",
        "rev": "c19b9023842697ec92caf72cd3599f7dd7be4456",
        "type": "github"
      },
      "original": {
        "owner": "rebelot",
        "repo": "kanagawa.nvim",
        "type": "github"
      }
    },
    "plugins/lsp_signature.nvim": {
      "flake": false,
      "locked": {
        "lastModified": 1701211782,
        "narHash": "sha256-4GcTfu7MRpZUi5dqewaddSvaOezRl9ROKrR7wnnLnKE=",
        "owner": "ray-x",
        "repo": "lsp_signature.nvim",
        "rev": "fed2c8389c148ff1dfdcdca63c2b48d08a50dea0",
        "type": "github"
      },
      "original": {
        "owner": "ray-x",
        "repo": "lsp_signature.nvim",
        "type": "github"
      }
    },
    "plugins/markdown-preview.nvim": {
      "flake": false,
      "locked": {
        "lastModified": 1697511247,
        "narHash": "sha256-TBXdG/Ih5DusAYZJyn37zVqHcMD85VkjrCoLyTo/KBg=",
        "owner": "iamcco",
        "repo": "markdown-preview.nvim",
        "rev": "a923f5fc5ba36a3b17e289dc35dc17f66d0548ee",
        "type": "github"
      },
      "original": {
        "owner": "iamcco",
        "repo": "markdown-preview.nvim",
        "type": "github"
      }
    },
    "plugins/mr.vim": {
      "flake": false,
      "locked": {
        "lastModified": 1675866639,
        "narHash": "sha256-dpZeAcevvuBeJiW+YkPtuRGmg+/m9Ouj6qi1ETCvS0g=",
        "owner": "lambdalisue",
        "repo": "mr.vim",
        "rev": "11d819541ff7b813f41d2caa32b6fd93e5eb7b8b",
        "type": "github"
      },
      "original": {
        "owner": "lambdalisue",
        "repo": "mr.vim",
        "type": "github"
      }
    },
    "plugins/nvim-lspconfig": {
      "flake": false,
      "locked": {
        "lastModified": 1707445495,
        "narHash": "sha256-co0XAqy2NIT+eqAvbndGeev+3gqlpe5OPXJC5wxjYi4=",
        "owner": "neovim",
        "repo": "nvim-lspconfig",
        "rev": "f12f1b9e877b1e6e2ef7eae1a524d8253af4243d",
        "type": "github"
      },
      "original": {
        "owner": "neovim",
        "repo": "nvim-lspconfig",
        "type": "github"
      }
    },
    "plugins/nvim-treesitter": {
      "flake": false,
      "locked": {
        "lastModified": 1707469076,
        "narHash": "sha256-NiCy+8ljCmPJwEjIxvvgRXKoRw4jEdlyWZgxKokhrNw=",
        "owner": "nvim-treesitter",
        "repo": "nvim-treesitter",
        "rev": "01c159826ea9c6f66f55bed673a026f75a25f4e0",
        "type": "github"
      },
      "original": {
        "owner": "nvim-treesitter",
        "repo": "nvim-treesitter",
        "type": "github"
      }
    },
    "plugins/pum.vim": {
      "flake": false,
      "locked": {
        "lastModified": 1705550035,
        "narHash": "sha256-pPdEBFvkCsGQNnsXP5k4XmaQqzN/c7Gtq7h8m0SCDeA=",
        "owner": "Shougo",
        "repo": "pum.vim",
        "rev": "19988d249e618808404c8d3fe70e7dcc9b51b784",
        "type": "github"
      },
      "original": {
        "owner": "Shougo",
        "repo": "pum.vim",
        "type": "github"
      }
    },
    "plugins/vim-floaterm": {
      "flake": false,
      "locked": {
        "lastModified": 1707207631,
        "narHash": "sha256-/JpNjxBEA4NoKQmMz0GhuSVn2eu2CMG6mkDtqwjHT3Y=",
        "owner": "voldikss",
        "repo": "vim-floaterm",
        "rev": "97c085b2f69e931ed78bb1c260512d1e0492a754",
        "type": "github"
      },
      "original": {
        "owner": "voldikss",
        "repo": "vim-floaterm",
        "type": "github"
      }
    },
    "plugins/vim-sandwich": {
      "flake": false,
      "locked": {
        "lastModified": 1707057591,
        "narHash": "sha256-6bT90lQSCmwaiaZFFgl/PjEreJOgN0Vs1HQxnZatTZw=",
        "owner": "machakann",
        "repo": "vim-sandwich",
        "rev": "2ce54d26564e66a675685c8a3331388b2747a26b",
        "type": "github"
      },
      "original": {
        "owner": "machakann",
        "repo": "vim-sandwich",
        "type": "github"
      }
    },
    "root": {
      "inputs": {
        "base16-schemes": "base16-schemes",
        "devshell": "devshell",
        "flake-utils": "flake-utils_2",
        "hasundue-neovim": "hasundue-neovim",
        "home-manager": "home-manager",
        "neovim-nightly": "neovim-nightly_2",
        "nixos-hardware": "nixos-hardware",
        "nixpkgs": "nixpkgs_2",
        "stylix": "stylix"
      }
    },
    "stylix": {
      "inputs": {
        "base16": "base16",
        "base16-alacritty": "base16-alacritty",
        "base16-alacritty-yaml": "base16-alacritty-yaml",
        "base16-fish": "base16-fish",
        "base16-foot": "base16-foot",
        "base16-helix": "base16-helix",
        "base16-kitty": "base16-kitty",
        "base16-tmux": "base16-tmux",
        "base16-vim": "base16-vim",
        "flake-compat": "flake-compat_3",
        "gnome-shell": "gnome-shell",
        "home-manager": [
          "home-manager"
        ],
        "nixpkgs": [
          "nixpkgs"
        ]
      },
      "locked": {
        "lastModified": 1707414210,
        "narHash": "sha256-MJ4deL9tTzowkGpW9Iq+k3cSKo2gnvyIkIuFctNz/dQ=",
        "owner": "danth",
        "repo": "stylix",
        "rev": "f3b302dd9bb66fcdd1ed3f185068a5f1000eb863",
        "type": "github"
      },
      "original": {
        "owner": "danth",
        "repo": "stylix",
        "type": "github"
      }
    },
    "systems": {
      "locked": {
        "lastModified": 1681028828,
        "narHash": "sha256-Vy1rq5AaRuLzOxct8nz4T6wlgyUR7zLU309k9mBC768=",
        "owner": "nix-systems",
        "repo": "default",
        "rev": "da67096a3b9bf56a91d16901293e51ba5b49a27e",
        "type": "github"
      },
      "original": {
        "owner": "nix-systems",
        "repo": "default",
        "type": "github"
      }
    },
    "systems_2": {
      "locked": {
        "lastModified": 1681028828,
        "narHash": "sha256-Vy1rq5AaRuLzOxct8nz4T6wlgyUR7zLU309k9mBC768=",
        "owner": "nix-systems",
        "repo": "default",
        "rev": "da67096a3b9bf56a91d16901293e51ba5b49a27e",
        "type": "github"
      },
      "original": {
        "owner": "nix-systems",
        "repo": "default",
        "type": "github"
      }
    },
    "systems_3": {
      "locked": {
        "lastModified": 1681028828,
        "narHash": "sha256-Vy1rq5AaRuLzOxct8nz4T6wlgyUR7zLU309k9mBC768=",
        "owner": "nix-systems",
        "repo": "default",
        "rev": "da67096a3b9bf56a91d16901293e51ba5b49a27e",
        "type": "github"
      },
      "original": {
        "owner": "nix-systems",
        "repo": "default",
        "type": "github"
      }
    },
    "systems_4": {
      "locked": {
        "lastModified": 1681028828,
        "narHash": "sha256-Vy1rq5AaRuLzOxct8nz4T6wlgyUR7zLU309k9mBC768=",
        "owner": "nix-systems",
        "repo": "default",
        "rev": "da67096a3b9bf56a91d16901293e51ba5b49a27e",
        "type": "github"
      },
      "original": {
        "owner": "nix-systems",
        "repo": "default",
        "type": "github"
      }
    },
    "systems_5": {
      "locked": {
        "lastModified": 1681028828,
        "narHash": "sha256-Vy1rq5AaRuLzOxct8nz4T6wlgyUR7zLU309k9mBC768=",
        "owner": "nix-systems",
        "repo": "default",
        "rev": "da67096a3b9bf56a91d16901293e51ba5b49a27e",
        "type": "github"
      },
      "original": {
        "owner": "nix-systems",
        "repo": "default",
        "type": "github"
      }
    }
  },
  "root": "root",
  "version": 7
}
